
Microsoft Visual Studio Solution File, Format Version 12.00
# Visual Studio Version 17
VisualStudioVersion = 17.9.34616.47
MinimumVisualStudioVersion = 10.0.40219.1
Project("{9A19103F-16F7-4668-BE54-9A1E7A4F7556}") = "LELocalePatch", "LELocalePatch.csproj", "{DF959CDD-73F8-459B-B2F8-550180F252FC}"
EndProject
Global
	GlobalSection(SolutionConfigurationPlatforms) = preSolution
		Debug|Any CPU = Debug|Any CPU
		Release|Any CPU = Release|Any CPU
	EndGlobalSection
	GlobalSection(ProjectConfigurationPlatforms) = postSolution
		{DF959CDD-73F8-459B-B2F8-550180F252FC}.Debug|Any CPU.ActiveCfg = Debug|Any CPU
		{DF959CDD-73F8-459B-B2F8-550180F252FC}.Debug|Any CPU.Build.0 = Debug|Any CPU
		{DF959CDD-73F8-459B-B2F8-550180F252FC}.Release|Any CPU.ActiveCfg = Release|Any CPU
		{DF959CDD-73F8-459B-B2F8-550180F252FC}.Release|Any CPU.Build.0 = Release|Any CPU
	EndGlobalSection
	GlobalSection(SolutionProperties) = preSolution
		HideSolutionNode = FALSE
	EndGlobalSection
	GlobalSection(ExtensibilityGlobals) = postSolution
		SolutionGuid = {E98E3C13-E9D5-4215-B5DD-9987644E5E8A}
	EndGlobalSection
EndGlobal
